
Microsoft Visual Studio Solution File, Format Version 12.00
# Visual Studio 14
VisualStudioVersion = 14.0.25420.1
MinimumVisualStudioVersion = 10.0.40219.1
Project("{8BC9CEB8-8B4A-11D0-8D11-00A0C91BC942}") = "Task1", "Task1\Task1.vcxproj", "{6D873612-3823-4DAC-9C93-29E6740793F4}"
EndProject
Project("{8BC9CEB8-8B4A-11D0-8D11-00A0C91BC942}") = "Task2", "Task2\Task2.vcxproj", "{CD9D72A2-282C-464B-B493-2C7BE427708D}"
EndProject
Project("{8BC9CEB8-8B4A-11D0-8D11-00A0C91BC942}") = "Task3", "Task3\Task3.vcxproj", "{4310DCC7-E091-4E78-9482-3D3084F31293}"
EndProject
Project("{8BC9CEB8-8B4A-11D0-8D11-00A0C91BC942}") = "Task4", "Task 4\Task 4.vcxproj", "{C2F14E22-0F03-4A6E-A976-BBB3F7AB370F}"
EndProject
Project("{8BC9CEB8-8B4A-11D0-8D11-00A0C91BC942}") = "Task5", "Task5\Task5.vcxproj", "{C76E2E0E-064C-4DF9-A672-B78B48E4B152}"
EndProject
Project("{8BC9CEB8-8B4A-11D0-8D11-00A0C91BC942}") = "Task6", "Task6\Task6.vcxproj", "{F3F7603C-DD74-4A6E-A7A0-B585A03937EB}"
EndProject
Project("{8BC9CEB8-8B4A-11D0-8D11-00A0C91BC942}") = "Task7", "Task7\Task7.vcxproj", "{1703D922-BDB9-45C0-8135-9408EA7F899E}"
EndProject
Project("{8BC9CEB8-8B4A-11D0-8D11-00A0C91BC942}") = "Task8", "Task8\Task8.vcxproj", "{660D8E2B-8002-40CC-8C2F-08D33E4C3B1D}"
EndProject
Project("{8BC9CEB8-8B4A-11D0-8D11-00A0C91BC942}") = "Task9", "Task9\Task9.vcxproj", "{9D69142C-C35C-4001-B966-4D2BEB2592A3}"
EndProject
Project("{8BC9CEB8-8B4A-11D0-8D11-00A0C91BC942}") = "Task10", "Task10\Task10.vcxproj", "{1C890C0F-540F-46B6-8706-347B0D09D756}"
EndProject
Global
	GlobalSection(SolutionConfigurationPlatforms) = preSolution
		Debug|x64 = Debug|x64
		Debug|x86 = Debug|x86
		Release|x64 = Release|x64
		Release|x86 = Release|x86
	EndGlobalSection
	GlobalSection(ProjectConfigurationPlatforms) = postSolution
		{6D873612-3823-4DAC-9C93-29E6740793F4}.Debug|x64.ActiveCfg = Debug|x64
		{6D873612-3823-4DAC-9C93-29E6740793F4}.Debug|x64.Build.0 = Debug|x64
		{6D873612-3823-4DAC-9C93-29E6740793F4}.Debug|x86.ActiveCfg = Debug|Win32
		{6D873612-3823-4DAC-9C93-29E6740793F4}.Debug|x86.Build.0 = Debug|Win32
		{6D873612-3823-4DAC-9C93-29E6740793F4}.Release|x64.ActiveCfg = Release|x64
		{6D873612-3823-4DAC-9C93-29E6740793F4}.Release|x64.Build.0 = Release|x64
		{6D873612-3823-4DAC-9C93-29E6740793F4}.Release|x86.ActiveCfg = Release|Win32
		{6D873612-3823-4DAC-9C93-29E6740793F4}.Release|x86.Build.0 = Release|Win32
		{CD9D72A2-282C-464B-B493-2C7BE427708D}.Debug|x64.ActiveCfg = Debug|x64
		{CD9D72A2-282C-464B-B493-2C7BE427708D}.Debug|x64.Build.0 = Debug|x64
		{CD9D72A2-282C-464B-B493-2C7BE427708D}.Debug|x86.ActiveCfg = Debug|Win32
		{CD9D72A2-282C-464B-B493-2C7BE427708D}.Debug|x86.Build.0 = Debug|Win32
		{CD9D72A2-282C-464B-B493-2C7BE427708D}.Release|x64.ActiveCfg = Release|x64
		{CD9D72A2-282C-464B-B493-2C7BE427708D}.Release|x64.Build.0 = Release|x64
		{CD9D72A2-282C-464B-B493-2C7BE427708D}.Release|x86.ActiveCfg = Release|Win32
		{CD9D72A2-282C-464B-B493-2C7BE427708D}.Release|x86.Build.0 = Release|Win32
		{4310DCC7-E091-4E78-9482-3D3084F31293}.Debug|x64.ActiveCfg = Debug|x64
		{4310DCC7-E091-4E78-9482-3D3084F31293}.Debug|x64.Build.0 = Debug|x64
		{4310DCC7-E091-4E78-9482-3D3084F31293}.Debug|x86.ActiveCfg = Debug|Win32
		{4310DCC7-E091-4E78-9482-3D3084F31293}.Debug|x86.Build.0 = Debug|Win32
		{4310DCC7-E091-4E78-9482-3D3084F31293}.Release|x64.ActiveCfg = Release|x64
		{4310DCC7-E091-4E78-9482-3D3084F31293}.Release|x64.Build.0 = Release|x64
		{4310DCC7-E091-4E78-9482-3D3084F31293}.Release|x86.ActiveCfg = Release|Win32
		{4310DCC7-E091-4E78-9482-3D3084F31293}.Release|x86.Build.0 = Release|Win32
		{C2F14E22-0F03-4A6E-A976-BBB3F7AB370F}.Debug|x64.ActiveCfg = Debug|x64
		{C2F14E22-0F03-4A6E-A976-BBB3F7AB370F}.Debug|x64.Build.0 = Debug|x64
		{C2F14E22-0F03-4A6E-A976-BBB3F7AB370F}.Debug|x86.ActiveCfg = Debug|Win32
		{C2F14E22-0F03-4A6E-A976-BBB3F7AB370F}.Debug|x86.Build.0 = Debug|Win32
		{C2F14E22-0F03-4A6E-A976-BBB3F7AB370F}.Release|x64.ActiveCfg = Release|x64
		{C2F14E22-0F03-4A6E-A976-BBB3F7AB370F}.Release|x64.Build.0 = Release|x64
		{C2F14E22-0F03-4A6E-A976-BBB3F7AB370F}.Release|x86.ActiveCfg = Release|Win32
		{C2F14E22-0F03-4A6E-A976-BBB3F7AB370F}.Release|x86.Build.0 = Release|Win32
		{C76E2E0E-064C-4DF9-A672-B78B48E4B152}.Debug|x64.ActiveCfg = Debug|x64
		{C76E2E0E-064C-4DF9-A672-B78B48E4B152}.Debug|x64.Build.0 = Debug|x64
		{C76E2E0E-064C-4DF9-A672-B78B48E4B152}.Debug|x86.ActiveCfg = Debug|Win32
		{C76E2E0E-064C-4DF9-A672-B78B48E4B152}.Debug|x86.Build.0 = Debug|Win32
		{C76E2E0E-064C-4DF9-A672-B78B48E4B152}.Release|x64.ActiveCfg = Release|x64
		{C76E2E0E-064C-4DF9-A672-B78B48E4B152}.Release|x64.Build.0 = Release|x64
		{C76E2E0E-064C-4DF9-A672-B78B48E4B152}.Release|x86.ActiveCfg = Release|Win32
		{C76E2E0E-064C-4DF9-A672-B78B48E4B152}.Release|x86.Build.0 = Release|Win32
		{F3F7603C-DD74-4A6E-A7A0-B585A03937EB}.Debug|x64.ActiveCfg = Debug|x64
		{F3F7603C-DD74-4A6E-A7A0-B585A03937EB}.Debug|x64.Build.0 = Debug|x64
		{F3F7603C-DD74-4A6E-A7A0-B585A03937EB}.Debug|x86.ActiveCfg = Debug|Win32
		{F3F7603C-DD74-4A6E-A7A0-B585A03937EB}.Debug|x86.Build.0 = Debug|Win32
		{F3F7603C-DD74-4A6E-A7A0-B585A03937EB}.Release|x64.ActiveCfg = Release|x64
		{F3F7603C-DD74-4A6E-A7A0-B585A03937EB}.Release|x64.Build.0 = Release|x64
		{F3F7603C-DD74-4A6E-A7A0-B585A03937EB}.Release|x86.ActiveCfg = Release|Win32
		{F3F7603C-DD74-4A6E-A7A0-B585A03937EB}.Release|x86.Build.0 = Release|Win32
		{1703D922-BDB9-45C0-8135-9408EA7F899E}.Debug|x64.ActiveCfg = Debug|x64
		{1703D922-BDB9-45C0-8135-9408EA7F899E}.Debug|x64.Build.0 = Debug|x64
		{1703D922-BDB9-45C0-8135-9408EA7F899E}.Debug|x86.ActiveCfg = Debug|Win32
		{1703D922-BDB9-45C0-8135-9408EA7F899E}.Debug|x86.Build.0 = Debug|Win32
		{1703D922-BDB9-45C0-8135-9408EA7F899E}.Release|x64.ActiveCfg = Release|x64
		{1703D922-BDB9-45C0-8135-9408EA7F899E}.Release|x64.Build.0 = Release|x64
		{1703D922-BDB9-45C0-8135-9408EA7F899E}.Release|x86.ActiveCfg = Release|Win32
		{1703D922-BDB9-45C0-8135-9408EA7F899E}.Release|x86.Build.0 = Release|Win32
		{660D8E2B-8002-40CC-8C2F-08D33E4C3B1D}.Debug|x64.ActiveCfg = Debug|x64
		{660D8E2B-8002-40CC-8C2F-08D33E4C3B1D}.Debug|x64.Build.0 = Debug|x64
		{660D8E2B-8002-40CC-8C2F-08D33E4C3B1D}.Debug|x86.ActiveCfg = Debug|Win32
		{660D8E2B-8002-40CC-8C2F-08D33E4C3B1D}.Debug|x86.Build.0 = Debug|Win32
		{660D8E2B-8002-40CC-8C2F-08D33E4C3B1D}.Release|x64.ActiveCfg = Release|x64
		{660D8E2B-8002-40CC-8C2F-08D33E4C3B1D}.Release|x64.Build.0 = Release|x64
		{660D8E2B-8002-40CC-8C2F-08D33E4C3B1D}.Release|x86.ActiveCfg = Release|Win32
		{660D8E2B-8002-40CC-8C2F-08D33E4C3B1D}.Release|x86.Build.0 = Release|Win32
		{9D69142C-C35C-4001-B966-4D2BEB2592A3}.Debug|x64.ActiveCfg = Debug|x64
		{9D69142C-C35C-4001-B966-4D2BEB2592A3}.Debug|x64.Build.0 = Debug|x64
		{9D69142C-C35C-4001-B966-4D2BEB2592A3}.Debug|x86.ActiveCfg = Debug|Win32
		{9D69142C-C35C-4001-B966-4D2BEB2592A3}.Debug|x86.Build.0 = Debug|Win32
		{9D69142C-C35C-4001-B966-4D2BEB2592A3}.Release|x64.ActiveCfg = Release|x64
		{9D69142C-C35C-4001-B966-4D2BEB2592A3}.Release|x64.Build.0 = Release|x64
		{9D69142C-C35C-4001-B966-4D2BEB2592A3}.Release|x86.ActiveCfg = Release|Win32
		{9D69142C-C35C-4001-B966-4D2BEB2592A3}.Release|x86.Build.0 = Release|Win32
		{1C890C0F-540F-46B6-8706-347B0D09D756}.Debug|x64.ActiveCfg = Debug|x64
		{1C890C0F-540F-46B6-8706-347B0D09D756}.Debug|x64.Build.0 = Debug|x64
		{1C890C0F-540F-46B6-8706-347B0D09D756}.Debug|x86.ActiveCfg = Debug|Win32
		{1C890C0F-540F-46B6-8706-347B0D09D756}.Debug|x86.Build.0 = Debug|Win32
		{1C890C0F-540F-46B6-8706-347B0D09D756}.Release|x64.ActiveCfg = Release|x64
		{1C890C0F-540F-46B6-8706-347B0D09D756}.Release|x64.Build.0 = Release|x64
		{1C890C0F-540F-46B6-8706-347B0D09D756}.Release|x86.ActiveCfg = Release|Win32
		{1C890C0F-540F-46B6-8706-347B0D09D756}.Release|x86.Build.0 = Release|Win32
	EndGlobalSection
	GlobalSection(SolutionProperties) = preSolution
		HideSolutionNode = FALSE
	EndGlobalSection
EndGlobal
